{
  "name": "intro-to-serverless",
  "version": "1.0.0",
  "lockfileVersion": 1,
  "requires": true,
  "dependencies": {

    "parse-multipart": {
      "version": "1.0.4",
      "resolved": "https://registry.npmjs.org/parse-multipart/-/parse-multipart-1.0.4.tgz",
      "integrity": "sha1-dnuHiLJIe4e4OhlhXNa6eKjRRJI="
    },
    "querystring": {
      "version": "0.2.1",
      "resolved": "https://registry.npmjs.org/querystring/-/querystring-0.2.1.tgz",
      "integrity": "sha512-wkvS7mL/JMugcup3/rMitHmd9ecIGd2lhFhK9N3UUQ450h66d1r3Y9nvXzQAW1Lq+wyx61k/1pfKS5KuKiyEbg=="

    "morse-code-converter": {
      "version": "1.0.2",
      "resolved": "https://registry.npmjs.org/morse-code-converter/-/morse-code-converter-1.0.2.tgz",
      "integrity": "sha512-QF2Yqjbr2tly86cHexW9Vn1YjK5GcxJGCaSLNHUaMmmCcdUuWfJ5b+eiE0xPRd11bAL08igayqrW4OK81Sb3aw=="

    }
  }
}
